// !$*UTF8*$!
{
	archiveVersion = 1;
	classes = {
	};
	objectVersion = 55;
	objects = {

/* Begin PBXBuildFile section */
		7B4BAF9F27DF379700FC17C1 /* ImagePicker.swift in Sources */ = {isa = PBXBuildFile; fileRef = 7B4BAF9E27DF379700FC17C1 /* ImagePicker.swift */; };
		7B4BAFA127DF80FE00FC17C1 /* UIImage+Rotate.swift in Sources */ = {isa = PBXBuildFile; fileRef = 7B4BAFA027DF80FE00FC17C1 /* UIImage+Rotate.swift */; };
		7B4DCCDD281BEF6800293A8F /* RecordView.swift in Sources */ = {isa = PBXBuildFile; fileRef = 7B4DCCDC281BEF6800293A8F /* RecordView.swift */; };
		7B4DCCDF281BF41F00293A8F /* PlayView.swift in Sources */ = {isa = PBXBuildFile; fileRef = 7B4DCCDE281BF41F00293A8F /* PlayView.swift */; };
		7B4DCCE2281BF4CC00293A8F /* Store.swift in Sources */ = {isa = PBXBuildFile; fileRef = 7B4DCCE1281BF4CC00293A8F /* Store.swift */; };
		7B4DCCE4281BF53400293A8F /* Reducers.swift in Sources */ = {isa = PBXBuildFile; fileRef = 7B4DCCE3281BF53400293A8F /* Reducers.swift */; };
		7B4DCCE6281BF56500293A8F /* AppAction.swift in Sources */ = {isa = PBXBuildFile; fileRef = 7B4DCCE5281BF56500293A8F /* AppAction.swift */; };
		7B4DCCE8281BF5C600293A8F /* AppState.swift in Sources */ = {isa = PBXBuildFile; fileRef = 7B4DCCE7281BF5C600293A8F /* AppState.swift */; };
		7B4DCCEA281C7C1000293A8F /* AVAudioFile+Duration.swift in Sources */ = {isa = PBXBuildFile; fileRef = 7B4DCCE9281C7C1000293A8F /* AVAudioFile+Duration.swift */; };
		7B4DCCEC281D3D5A00293A8F /* AppEnvironment.swift in Sources */ = {isa = PBXBuildFile; fileRef = 7B4DCCEB281D3D5A00293A8F /* AppEnvironment.swift */; };
		7B4DCCEE281D40B700293A8F /* VoiceService.swift in Sources */ = {isa = PBXBuildFile; fileRef = 7B4DCCED281D40B700293A8F /* VoiceService.swift */; };
		7B4DCCF1281D557B00293A8F /* AlertAction.swift in Sources */ = {isa = PBXBuildFile; fileRef = 7B4DCCF0281D557B00293A8F /* AlertAction.swift */; };
		7B703162282AB66C005CEE58 /* LaunchScreen.storyboard in Resources */ = {isa = PBXBuildFile; fileRef = 7B703161282AB66C005CEE58 /* LaunchScreen.storyboard */; };
		7B7A8B052799A3000053DD39 /* TalkingImagesViewModel.swift in Sources */ = {isa = PBXBuildFile; fileRef = 7B7A8B042799A3000053DD39 /* TalkingImagesViewModel.swift */; };
		7B7A8B082799C6090053DD39 /* CropImageView.swift in Sources */ = {isa = PBXBuildFile; fileRef = 7B7A8B072799C6090053DD39 /* CropImageView.swift */; };
		7B9E447A282A63D300A1D8AB /* EditContainerView.swift in Sources */ = {isa = PBXBuildFile; fileRef = 7B9E4479282A63D300A1D8AB /* EditContainerView.swift */; };
		7BA50E10281DB373003BB40C /* Contours.swift in Sources */ = {isa = PBXBuildFile; fileRef = 7BA50E0F281DB372003BB40C /* Contours.swift */; };
		7BAFF5822780A4CA00051F59 /* TalkingImagesApp.swift in Sources */ = {isa = PBXBuildFile; fileRef = 7BAFF5812780A4CA00051F59 /* TalkingImagesApp.swift */; };
		7BAFF5842780A4CA00051F59 /* ContentView.swift in Sources */ = {isa = PBXBuildFile; fileRef = 7BAFF5832780A4CA00051F59 /* ContentView.swift */; };
		7BAFF5862780A4CD00051F59 /* Assets.xcassets in Resources */ = {isa = PBXBuildFile; fileRef = 7BAFF5852780A4CD00051F59 /* Assets.xcassets */; };
		7BAFF5892780A4CD00051F59 /* Preview Assets.xcassets in Resources */ = {isa = PBXBuildFile; fileRef = 7BAFF5882780A4CD00051F59 /* Preview Assets.xcassets */; };
		7BAFF5B52780ADA800051F59 /* BalooBhaijaan2-Regular.ttf in Resources */ = {isa = PBXBuildFile; fileRef = 7BAFF5B02780ADA800051F59 /* BalooBhaijaan2-Regular.ttf */; };
		7BAFF5B62780ADA800051F59 /* BalooBhaijaan2-Bold.ttf in Resources */ = {isa = PBXBuildFile; fileRef = 7BAFF5B12780ADA800051F59 /* BalooBhaijaan2-Bold.ttf */; };
		7BAFF5B72780ADA800051F59 /* BalooBhaijaan2-ExtraBold.ttf in Resources */ = {isa = PBXBuildFile; fileRef = 7BAFF5B22780ADA800051F59 /* BalooBhaijaan2-ExtraBold.ttf */; };
		7BAFF5B82780ADA800051F59 /* BalooBhaijaan2-Medium.ttf in Resources */ = {isa = PBXBuildFile; fileRef = 7BAFF5B32780ADA800051F59 /* BalooBhaijaan2-Medium.ttf */; };
		7BAFF5B92780ADA800051F59 /* BalooBhaijaan2-SemiBold.ttf in Resources */ = {isa = PBXBuildFile; fileRef = 7BAFF5B42780ADA800051F59 /* BalooBhaijaan2-SemiBold.ttf */; };
		7BAFF5BB2780AE6300051F59 /* Localizable.strings in Resources */ = {isa = PBXBuildFile; fileRef = 7BAFF5BA2780AE6300051F59 /* Localizable.strings */; };
		7BAFF5BF2780AE9F00051F59 /* AppImageNames.swift in Sources */ = {isa = PBXBuildFile; fileRef = 7BAFF5BE2780AE9F00051F59 /* AppImageNames.swift */; };
		7BAFF5C12780AEAC00051F59 /* AppColors.swift in Sources */ = {isa = PBXBuildFile; fileRef = 7BAFF5C02780AEAC00051F59 /* AppColors.swift */; };
		7BAFF5C42780B26D00051F59 /* iOSDevPackage in Frameworks */ = {isa = PBXBuildFile; productRef = 7BAFF5C32780B26D00051F59 /* iOSDevPackage */; };
		7BAFF5C72780B39000051F59 /* Text+CustomFont.swift in Sources */ = {isa = PBXBuildFile; fileRef = 7BAFF5C62780B39000051F59 /* Text+CustomFont.swift */; };
		7BAFF5CC2780BF5300051F59 /* .swiftlint.yml in Resources */ = {isa = PBXBuildFile; fileRef = 7BAFF5CB2780BF5300051F59 /* .swiftlint.yml */; };
		7BAFF5CF2780D38200051F59 /* MenuButton.swift in Sources */ = {isa = PBXBuildFile; fileRef = 7BAFF5CE2780D38200051F59 /* MenuButton.swift */; };
		7BAFF5D12780D55600051F59 /* View+CornerRadius.swift in Sources */ = {isa = PBXBuildFile; fileRef = 7BAFF5D02780D55600051F59 /* View+CornerRadius.swift */; };
		7BAFF5D32780E37800051F59 /* Toolbar.swift in Sources */ = {isa = PBXBuildFile; fileRef = 7BAFF5D22780E37800051F59 /* Toolbar.swift */; };
		7BAFF5D52780E5EF00051F59 /* ToolbarPage.swift in Sources */ = {isa = PBXBuildFile; fileRef = 7BAFF5D42780E5EF00051F59 /* ToolbarPage.swift */; };
		7BAFF5D92781BE1800051F59 /* ChoosePictureView.swift in Sources */ = {isa = PBXBuildFile; fileRef = 7BAFF5D82781BE1800051F59 /* ChoosePictureView.swift */; };
		7BAFF5DB2781BE3900051F59 /* EditView.swift in Sources */ = {isa = PBXBuildFile; fileRef = 7BAFF5DA2781BE3900051F59 /* EditView.swift */; };
		7BAFF5DD2781BE5E00051F59 /* SetPointsView.swift in Sources */ = {isa = PBXBuildFile; fileRef = 7BAFF5DC2781BE5E00051F59 /* SetPointsView.swift */; };
		7BAFF5DF2781BE7800051F59 /* VoiceView.swift in Sources */ = {isa = PBXBuildFile; fileRef = 7BAFF5DE2781BE7800051F59 /* VoiceView.swift */; };
		7BAFF5E12781BE9600051F59 /* ShareView.swift in Sources */ = {isa = PBXBuildFile; fileRef = 7BAFF5E02781BE9600051F59 /* ShareView.swift */; };
		7BB525A32821553600D9FDD8 /* UIImage+Crop.swift in Sources */ = {isa = PBXBuildFile; fileRef = 7BB525A22821553600D9FDD8 /* UIImage+Crop.swift */; };
		7BB525E02827B5EE00D9FDD8 /* OpenCVWrapper.m in Sources */ = {isa = PBXBuildFile; fileRef = 7BB525DF2827B5EE00D9FDD8 /* OpenCVWrapper.m */; };
		7BB525E42827B82800D9FDD8 /* UIImage+OpenCV.m in Sources */ = {isa = PBXBuildFile; fileRef = 7BB525E32827B82800D9FDD8 /* UIImage+OpenCV.m */; };
		7BB525EB2827BDD700D9FDD8 /* opencv2.framework in Frameworks */ = {isa = PBXBuildFile; fileRef = 7BB525EA2827BDD700D9FDD8 /* opencv2.framework */; };
		7BB525EF28290D1F00D9FDD8 /* swift-video-generator in Frameworks */ = {isa = PBXBuildFile; productRef = 7BB525EE28290D1F00D9FDD8 /* swift-video-generator */; };
		7BB525F1282911B900D9FDD8 /* AppConstants.swift in Sources */ = {isa = PBXBuildFile; fileRef = 7BB525F0282911B900D9FDD8 /* AppConstants.swift */; };
		7BC7AFDA27BFAA30009ABB49 /* VoiceViewModel.swift in Sources */ = {isa = PBXBuildFile; fileRef = 7BC7AFD927BFAA30009ABB49 /* VoiceViewModel.swift */; };
		7BC7AFE027BFE5E1009ABB49 /* AlertView.swift in Sources */ = {isa = PBXBuildFile; fileRef = 7BC7AFDF27BFE5E1009ABB49 /* AlertView.swift */; };
		7BDFD7DA280BFC63003E6F72 /* CropCorner.swift in Sources */ = {isa = PBXBuildFile; fileRef = 7BDFD7D9280BFC63003E6F72 /* CropCorner.swift */; };
		7BDFD7DC280BFC95003E6F72 /* LineSegment.swift in Sources */ = {isa = PBXBuildFile; fileRef = 7BDFD7DB280BFC95003E6F72 /* LineSegment.swift */; };
		7BDFD7DE280BFCC1003E6F72 /* RectHole.swift in Sources */ = {isa = PBXBuildFile; fileRef = 7BDFD7DD280BFCC1003E6F72 /* RectHole.swift */; };
/* End PBXBuildFile section */

/* Begin PBXFileReference section */
		7B4BAF9E27DF379700FC17C1 /* ImagePicker.swift */ = {isa = PBXFileReference; lastKnownFileType = sourcecode.swift; path = ImagePicker.swift; sourceTree = "<group>"; };
		7B4BAFA027DF80FE00FC17C1 /* UIImage+Rotate.swift */ = {isa = PBXFileReference; lastKnownFileType = sourcecode.swift; path = "UIImage+Rotate.swift"; sourceTree = "<group>"; };
		7B4DCCDC281BEF6800293A8F /* RecordView.swift */ = {isa = PBXFileReference; lastKnownFileType = sourcecode.swift; path = RecordView.swift; sourceTree = "<group>"; };
		7B4DCCDE281BF41F00293A8F /* PlayView.swift */ = {isa = PBXFileReference; lastKnownFileType = sourcecode.swift; path = PlayView.swift; sourceTree = "<group>"; };
		7B4DCCE1281BF4CC00293A8F /* Store.swift */ = {isa = PBXFileReference; lastKnownFileType = sourcecode.swift; path = Store.swift; sourceTree = "<group>"; };
		7B4DCCE3281BF53400293A8F /* Reducers.swift */ = {isa = PBXFileReference; lastKnownFileType = sourcecode.swift; path = Reducers.swift; sourceTree = "<group>"; };
		7B4DCCE5281BF56500293A8F /* AppAction.swift */ = {isa = PBXFileReference; lastKnownFileType = sourcecode.swift; path = AppAction.swift; sourceTree = "<group>"; };
		7B4DCCE7281BF5C600293A8F /* AppState.swift */ = {isa = PBXFileReference; lastKnownFileType = sourcecode.swift; path = AppState.swift; sourceTree = "<group>"; };
		7B4DCCE9281C7C1000293A8F /* AVAudioFile+Duration.swift */ = {isa = PBXFileReference; lastKnownFileType = sourcecode.swift; path = "AVAudioFile+Duration.swift"; sourceTree = "<group>"; };
		7B4DCCEB281D3D5A00293A8F /* AppEnvironment.swift */ = {isa = PBXFileReference; lastKnownFileType = sourcecode.swift; path = AppEnvironment.swift; sourceTree = "<group>"; };
		7B4DCCED281D40B700293A8F /* VoiceService.swift */ = {isa = PBXFileReference; lastKnownFileType = sourcecode.swift; path = VoiceService.swift; sourceTree = "<group>"; };
		7B4DCCF0281D557B00293A8F /* AlertAction.swift */ = {isa = PBXFileReference; lastKnownFileType = sourcecode.swift; path = AlertAction.swift; sourceTree = "<group>"; };
		7B703161282AB66C005CEE58 /* LaunchScreen.storyboard */ = {isa = PBXFileReference; lastKnownFileType = file.storyboard; path = LaunchScreen.storyboard; sourceTree = "<group>"; };
		7B7A8B042799A3000053DD39 /* TalkingImagesViewModel.swift */ = {isa = PBXFileReference; lastKnownFileType = sourcecode.swift; path = TalkingImagesViewModel.swift; sourceTree = "<group>"; };
		7B7A8B072799C6090053DD39 /* CropImageView.swift */ = {isa = PBXFileReference; lastKnownFileType = sourcecode.swift; path = CropImageView.swift; sourceTree = "<group>"; };
		7B9E4479282A63D300A1D8AB /* EditContainerView.swift */ = {isa = PBXFileReference; lastKnownFileType = sourcecode.swift; path = EditContainerView.swift; sourceTree = "<group>"; };
		7BA50E0F281DB372003BB40C /* Contours.swift */ = {isa = PBXFileReference; lastKnownFileType = sourcecode.swift; path = Contours.swift; sourceTree = "<group>"; };
		7BAFF57E2780A4CA00051F59 /* TalkingImages.app */ = {isa = PBXFileReference; explicitFileType = wrapper.application; includeInIndex = 0; path = TalkingImages.app; sourceTree = BUILT_PRODUCTS_DIR; };
		7BAFF5812780A4CA00051F59 /* TalkingImagesApp.swift */ = {isa = PBXFileReference; lastKnownFileType = sourcecode.swift; path = TalkingImagesApp.swift; sourceTree = "<group>"; };
		7BAFF5832780A4CA00051F59 /* ContentView.swift */ = {isa = PBXFileReference; lastKnownFileType = sourcecode.swift; path = ContentView.swift; sourceTree = "<group>"; };
		7BAFF5852780A4CD00051F59 /* Assets.xcassets */ = {isa = PBXFileReference; lastKnownFileType = folder.assetcatalog; path = Assets.xcassets; sourceTree = "<group>"; };
		7BAFF5882780A4CD00051F59 /* Preview Assets.xcassets */ = {isa = PBXFileReference; lastKnownFileType = folder.assetcatalog; path = "Preview Assets.xcassets"; sourceTree = "<group>"; };
		7BAFF5AE2780ACC200051F59 /* Info.plist */ = {isa = PBXFileReference; lastKnownFileType = text.plist; path = Info.plist; sourceTree = "<group>"; };
		7BAFF5B02780ADA800051F59 /* BalooBhaijaan2-Regular.ttf */ = {isa = PBXFileReference; lastKnownFileType = file; path = "BalooBhaijaan2-Regular.ttf"; sourceTree = "<group>"; };
		7BAFF5B12780ADA800051F59 /* BalooBhaijaan2-Bold.ttf */ = {isa = PBXFileReference; lastKnownFileType = file; path = "BalooBhaijaan2-Bold.ttf"; sourceTree = "<group>"; };
		7BAFF5B22780ADA800051F59 /* BalooBhaijaan2-ExtraBold.ttf */ = {isa = PBXFileReference; lastKnownFileType = file; path = "BalooBhaijaan2-ExtraBold.ttf"; sourceTree = "<group>"; };
		7BAFF5B32780ADA800051F59 /* BalooBhaijaan2-Medium.ttf */ = {isa = PBXFileReference; lastKnownFileType = file; path = "BalooBhaijaan2-Medium.ttf"; sourceTree = "<group>"; };
		7BAFF5B42780ADA800051F59 /* BalooBhaijaan2-SemiBold.ttf */ = {isa = PBXFileReference; lastKnownFileType = file; path = "BalooBhaijaan2-SemiBold.ttf"; sourceTree = "<group>"; };
		7BAFF5BA2780AE6300051F59 /* Localizable.strings */ = {isa = PBXFileReference; lastKnownFileType = text.plist.strings; path = Localizable.strings; sourceTree = "<group>"; };
		7BAFF5BE2780AE9F00051F59 /* AppImageNames.swift */ = {isa = PBXFileReference; lastKnownFileType = sourcecode.swift; path = AppImageNames.swift; sourceTree = "<group>"; };
		7BAFF5C02780AEAC00051F59 /* AppColors.swift */ = {isa = PBXFileReference; lastKnownFileType = sourcecode.swift; path = AppColors.swift; sourceTree = "<group>"; };
		7BAFF5C62780B39000051F59 /* Text+CustomFont.swift */ = {isa = PBXFileReference; lastKnownFileType = sourcecode.swift; path = "Text+CustomFont.swift"; sourceTree = "<group>"; };
		7BAFF5CB2780BF5300051F59 /* .swiftlint.yml */ = {isa = PBXFileReference; lastKnownFileType = text.yaml; path = .swiftlint.yml; sourceTree = "<group>"; };
		7BAFF5CE2780D38200051F59 /* MenuButton.swift */ = {isa = PBXFileReference; lastKnownFileType = sourcecode.swift; path = MenuButton.swift; sourceTree = "<group>"; };
		7BAFF5D02780D55600051F59 /* View+CornerRadius.swift */ = {isa = PBXFileReference; lastKnownFileType = sourcecode.swift; path = "View+CornerRadius.swift"; sourceTree = "<group>"; };
		7BAFF5D22780E37800051F59 /* Toolbar.swift */ = {isa = PBXFileReference; lastKnownFileType = sourcecode.swift; path = Toolbar.swift; sourceTree = "<group>"; };
		7BAFF5D42780E5EF00051F59 /* ToolbarPage.swift */ = {isa = PBXFileReference; lastKnownFileType = sourcecode.swift; path = ToolbarPage.swift; sourceTree = "<group>"; };
		7BAFF5D82781BE1800051F59 /* ChoosePictureView.swift */ = {isa = PBXFileReference; lastKnownFileType = sourcecode.swift; path = ChoosePictureView.swift; sourceTree = "<group>"; };
		7BAFF5DA2781BE3900051F59 /* EditView.swift */ = {isa = PBXFileReference; lastKnownFileType = sourcecode.swift; path = EditView.swift; sourceTree = "<group>"; };
		7BAFF5DC2781BE5E00051F59 /* SetPointsView.swift */ = {isa = PBXFileReference; lastKnownFileType = sourcecode.swift; path = SetPointsView.swift; sourceTree = "<group>"; };
		7BAFF5DE2781BE7800051F59 /* VoiceView.swift */ = {isa = PBXFileReference; lastKnownFileType = sourcecode.swift; path = VoiceView.swift; sourceTree = "<group>"; };
		7BAFF5E02781BE9600051F59 /* ShareView.swift */ = {isa = PBXFileReference; lastKnownFileType = sourcecode.swift; path = ShareView.swift; sourceTree = "<group>"; };
		7BB525A22821553600D9FDD8 /* UIImage+Crop.swift */ = {isa = PBXFileReference; lastKnownFileType = sourcecode.swift; path = "UIImage+Crop.swift"; sourceTree = "<group>"; };
		7BB525DD2827B5EE00D9FDD8 /* TalkingImages-Bridging-Header.h */ = {isa = PBXFileReference; lastKnownFileType = sourcecode.c.h; path = "TalkingImages-Bridging-Header.h"; sourceTree = "<group>"; };
		7BB525DF2827B5EE00D9FDD8 /* OpenCVWrapper.m */ = {isa = PBXFileReference; explicitFileType = sourcecode.cpp.objcpp; path = OpenCVWrapper.m; sourceTree = "<group>"; };
		7BB525E22827B80300D9FDD8 /* UIImage+OpenCV.h */ = {isa = PBXFileReference; lastKnownFileType = sourcecode.c.h; path = "UIImage+OpenCV.h"; sourceTree = "<group>"; };
		7BB525E32827B82800D9FDD8 /* UIImage+OpenCV.m */ = {isa = PBXFileReference; explicitFileType = sourcecode.cpp.objcpp; path = "UIImage+OpenCV.m"; sourceTree = "<group>"; };
		7BB525EA2827BDD700D9FDD8 /* opencv2.framework */ = {isa = PBXFileReference; lastKnownFileType = wrapper.framework; path = opencv2.framework; sourceTree = "<group>"; };
		7BB525EC2827BF2F00D9FDD8 /* OpenCVWrapper.h */ = {isa = PBXFileReference; lastKnownFileType = sourcecode.c.h; path = OpenCVWrapper.h; sourceTree = "<group>"; };
		7BB525F0282911B900D9FDD8 /* AppConstants.swift */ = {isa = PBXFileReference; lastKnownFileType = sourcecode.swift; path = AppConstants.swift; sourceTree = "<group>"; };
		7BC7AFD927BFAA30009ABB49 /* VoiceViewModel.swift */ = {isa = PBXFileReference; lastKnownFileType = sourcecode.swift; path = VoiceViewModel.swift; sourceTree = "<group>"; };
		7BC7AFDF27BFE5E1009ABB49 /* AlertView.swift */ = {isa = PBXFileReference; lastKnownFileType = sourcecode.swift; path = AlertView.swift; sourceTree = "<group>"; };
		7BDFD7D9280BFC63003E6F72 /* CropCorner.swift */ = {isa = PBXFileReference; lastKnownFileType = sourcecode.swift; path = CropCorner.swift; sourceTree = "<group>"; };
		7BDFD7DB280BFC95003E6F72 /* LineSegment.swift */ = {isa = PBXFileReference; lastKnownFileType = sourcecode.swift; path = LineSegment.swift; sourceTree = "<group>"; };
		7BDFD7DD280BFCC1003E6F72 /* RectHole.swift */ = {isa = PBXFileReference; lastKnownFileType = sourcecode.swift; path = RectHole.swift; sourceTree = "<group>"; };
/* End PBXFileReference section */

/* Begin PBXFrameworksBuildPhase section */
		7BAFF57B2780A4CA00051F59 /* Frameworks */ = {
			isa = PBXFrameworksBuildPhase;
			buildActionMask = 2147483647;
			files = (
				7BB525EB2827BDD700D9FDD8 /* opencv2.framework in Frameworks */,
				7BAFF5C42780B26D00051F59 /* iOSDevPackage in Frameworks */,
				7BB525EF28290D1F00D9FDD8 /* swift-video-generator in Frameworks */,
			);
			runOnlyForDeploymentPostprocessing = 0;
		};
/* End PBXFrameworksBuildPhase section */

/* Begin PBXGroup section */
		7B4DCCDA281BEF3C00293A8F /* Voice */ = {
			isa = PBXGroup;
			children = (
				7B9A2973281E97C10073B54B /* View */,
			);
			path = Voice;
			sourceTree = "<group>";
		};
		7B4DCCDB281BEF4B00293A8F /* Components */ = {
			isa = PBXGroup;
			children = (
				7B4DCCDC281BEF6800293A8F /* RecordView.swift */,
				7B4DCCDE281BF41F00293A8F /* PlayView.swift */,
			);
			path = Components;
			sourceTree = "<group>";
		};
		7B4DCCE0281BF4BA00293A8F /* Redux */ = {
			isa = PBXGroup;
			children = (
				7B4DCCE1281BF4CC00293A8F /* Store.swift */,
				7B4DCCE3281BF53400293A8F /* Reducers.swift */,
				7B4DCCE5281BF56500293A8F /* AppAction.swift */,
				7B4DCCE7281BF5C600293A8F /* AppState.swift */,
				7B4DCCEB281D3D5A00293A8F /* AppEnvironment.swift */,
				7B4DCCED281D40B700293A8F /* VoiceService.swift */,
			);
			path = Redux;
			sourceTree = "<group>";
		};
		7B4DCCEF281D556E00293A8F /* Model */ = {
			isa = PBXGroup;
			children = (
				7BAFF5D42780E5EF00051F59 /* ToolbarPage.swift */,
				7B4DCCF0281D557B00293A8F /* AlertAction.swift */,
			);
			path = Model;
			sourceTree = "<group>";
		};
		7B7A8B012799A1EF0053DD39 /* Views */ = {
			isa = PBXGroup;
			children = (
				7BAFF5CD2780D36600051F59 /* Component */,
				7BAFF5832780A4CA00051F59 /* ContentView.swift */,
			);
			path = Views;
			sourceTree = "<group>";
		};
		7B7A8B022799A1F80053DD39 /* ViewModels */ = {
			isa = PBXGroup;
			children = (
				7B7A8B042799A3000053DD39 /* TalkingImagesViewModel.swift */,
				7BC7AFD927BFAA30009ABB49 /* VoiceViewModel.swift */,
			);
			path = ViewModels;
			sourceTree = "<group>";
		};
		7B7A8B062799C5EC0053DD39 /* Crop */ = {
			isa = PBXGroup;
			children = (
				7B7A8B072799C6090053DD39 /* CropImageView.swift */,
				7BDFD7D9280BFC63003E6F72 /* CropCorner.swift */,
				7BDFD7DB280BFC95003E6F72 /* LineSegment.swift */,
				7BDFD7DD280BFCC1003E6F72 /* RectHole.swift */,
			);
			path = Crop;
			sourceTree = "<group>";
		};
		7B9A2972281E97B00073B54B /* View */ = {
			isa = PBXGroup;
			children = (
				7BA50E0E281DB361003BB40C /* Components */,
				7BAFF5DC2781BE5E00051F59 /* SetPointsView.swift */,
			);
			path = View;
			sourceTree = "<group>";
		};
		7B9A2973281E97C10073B54B /* View */ = {
			isa = PBXGroup;
			children = (
				7B4DCCDB281BEF4B00293A8F /* Components */,
				7BAFF5DE2781BE7800051F59 /* VoiceView.swift */,
			);
			path = View;
			sourceTree = "<group>";
		};
		7B9A2974281E97D80073B54B /* Edit */ = {
			isa = PBXGroup;
			children = (
				7B9A2975281E97EA0073B54B /* View */,
			);
			path = Edit;
			sourceTree = "<group>";
		};
		7B9A2975281E97EA0073B54B /* View */ = {
			isa = PBXGroup;
			children = (
				7B7A8B062799C5EC0053DD39 /* Crop */,
				7BAFF5DA2781BE3900051F59 /* EditView.swift */,
				7B9E4479282A63D300A1D8AB /* EditContainerView.swift */,
			);
			path = View;
			sourceTree = "<group>";
		};
		7B9A2976281E98290073B54B /* ChoosePicture */ = {
			isa = PBXGroup;
			children = (
				7B9A2977281E98380073B54B /* View */,
			);
			path = ChoosePicture;
			sourceTree = "<group>";
		};
		7B9A2977281E98380073B54B /* View */ = {
			isa = PBXGroup;
			children = (
				7BAFF5D82781BE1800051F59 /* ChoosePictureView.swift */,
				7B4BAF9E27DF379700FC17C1 /* ImagePicker.swift */,
			);
			path = View;
			sourceTree = "<group>";
		};
		7B9A2979281E984F0073B54B /* Share */ = {
			isa = PBXGroup;
			children = (
				7B9A297A281E98560073B54B /* View */,
			);
			path = Share;
			sourceTree = "<group>";
		};
		7B9A297A281E98560073B54B /* View */ = {
			isa = PBXGroup;
			children = (
				7BAFF5E02781BE9600051F59 /* ShareView.swift */,
			);
			path = View;
			sourceTree = "<group>";
		};
		7BA50E0D281DB347003BB40C /* SetPoints */ = {
			isa = PBXGroup;
			children = (
				7B9A2972281E97B00073B54B /* View */,
			);
			path = SetPoints;
			sourceTree = "<group>";
		};
		7BA50E0E281DB361003BB40C /* Components */ = {
			isa = PBXGroup;
			children = (
				7BA50E0F281DB372003BB40C /* Contours.swift */,
			);
			path = Components;
			sourceTree = "<group>";
		};
		7BAFF5752780A4CA00051F59 = {
			isa = PBXGroup;
			children = (
				7BAFF5CB2780BF5300051F59 /* .swiftlint.yml */,
				7BAFF5802780A4CA00051F59 /* TalkingImages */,
				7BAFF57F2780A4CA00051F59 /* Products */,
			);
			sourceTree = "<group>";
		};
		7BAFF57F2780A4CA00051F59 /* Products */ = {
			isa = PBXGroup;
			children = (
				7BAFF57E2780A4CA00051F59 /* TalkingImages.app */,
			);
			name = Products;
			sourceTree = "<group>";
		};
		7BAFF5802780A4CA00051F59 /* TalkingImages */ = {
			isa = PBXGroup;
			children = (
				7BB525DC2827B5BD00D9FDD8 /* OpenCV */,
				7BB525D92827B24C00D9FDD8 /* Framework */,
				7B9A2976281E98290073B54B /* ChoosePicture */,
				7B9A2974281E97D80073B54B /* Edit */,
				7BA50E0D281DB347003BB40C /* SetPoints */,
				7B4DCCDA281BEF3C00293A8F /* Voice */,
				7B9A2979281E984F0073B54B /* Share */,
				7B4DCCE0281BF4BA00293A8F /* Redux */,
				7B7A8B022799A1F80053DD39 /* ViewModels */,
				7BAFF5C52780B37300051F59 /* Extensions */,
				7BAFF5BD2780AE8B00051F59 /* Constants */,
				7BAFF5BC2780AE7C00051F59 /* Core */,
				7BAFF5AD2780ABBC00051F59 /* SupportFiles */,
				7BAFF5852780A4CD00051F59 /* Assets.xcassets */,
				7BAFF5AE2780ACC200051F59 /* Info.plist */,
				7B703161282AB66C005CEE58 /* LaunchScreen.storyboard */,
				7BAFF5872780A4CD00051F59 /* Preview Content */,
			);
			path = TalkingImages;
			sourceTree = "<group>";
		};
		7BAFF5872780A4CD00051F59 /* Preview Content */ = {
			isa = PBXGroup;
			children = (
				7BAFF5882780A4CD00051F59 /* Preview Assets.xcassets */,
			);
			path = "Preview Content";
			sourceTree = "<group>";
		};
		7BAFF5AD2780ABBC00051F59 /* SupportFiles */ = {
			isa = PBXGroup;
			children = (
				7BAFF5AF2780AD5F00051F59 /* Fonts */,
				7BAFF5BA2780AE6300051F59 /* Localizable.strings */,
			);
			path = SupportFiles;
			sourceTree = "<group>";
		};
		7BAFF5AF2780AD5F00051F59 /* Fonts */ = {
			isa = PBXGroup;
			children = (
				7BAFF5B12780ADA800051F59 /* BalooBhaijaan2-Bold.ttf */,
				7BAFF5B22780ADA800051F59 /* BalooBhaijaan2-ExtraBold.ttf */,
				7BAFF5B32780ADA800051F59 /* BalooBhaijaan2-Medium.ttf */,
				7BAFF5B02780ADA800051F59 /* BalooBhaijaan2-Regular.ttf */,
				7BAFF5B42780ADA800051F59 /* BalooBhaijaan2-SemiBold.ttf */,
			);
			path = Fonts;
			sourceTree = "<group>";
		};
		7BAFF5BC2780AE7C00051F59 /* Core */ = {
			isa = PBXGroup;
			children = (
				7B4DCCEF281D556E00293A8F /* Model */,
				7B7A8B012799A1EF0053DD39 /* Views */,
				7BAFF5812780A4CA00051F59 /* TalkingImagesApp.swift */,
			);
			path = Core;
			sourceTree = "<group>";
		};
		7BAFF5BD2780AE8B00051F59 /* Constants */ = {
			isa = PBXGroup;
			children = (
				7BAFF5BE2780AE9F00051F59 /* AppImageNames.swift */,
				7BAFF5C02780AEAC00051F59 /* AppColors.swift */,
				7BB525F0282911B900D9FDD8 /* AppConstants.swift */,
			);
			path = Constants;
			sourceTree = "<group>";
		};
		7BAFF5C52780B37300051F59 /* Extensions */ = {
			isa = PBXGroup;
			children = (
				7BAFF5C62780B39000051F59 /* Text+CustomFont.swift */,
				7BAFF5D02780D55600051F59 /* View+CornerRadius.swift */,
				7B4BAFA027DF80FE00FC17C1 /* UIImage+Rotate.swift */,
				7B4DCCE9281C7C1000293A8F /* AVAudioFile+Duration.swift */,
				7BB525A22821553600D9FDD8 /* UIImage+Crop.swift */,
			);
			path = Extensions;
			sourceTree = "<group>";
		};
		7BAFF5CD2780D36600051F59 /* Component */ = {
			isa = PBXGroup;
			children = (
				7BC7AFDF27BFE5E1009ABB49 /* AlertView.swift */,
				7BAFF5CE2780D38200051F59 /* MenuButton.swift */,
				7BAFF5D22780E37800051F59 /* Toolbar.swift */,
			);
			path = Component;
			sourceTree = "<group>";
		};
		7BB525D92827B24C00D9FDD8 /* Framework */ = {
			isa = PBXGroup;
			children = (
				7BB525EA2827BDD700D9FDD8 /* opencv2.framework */,
			);
			path = Framework;
			sourceTree = "<group>";
		};
		7BB525DC2827B5BD00D9FDD8 /* OpenCV */ = {
			isa = PBXGroup;
			children = (
				7BB525EC2827BF2F00D9FDD8 /* OpenCVWrapper.h */,
				7BB525DF2827B5EE00D9FDD8 /* OpenCVWrapper.m */,
				7BB525DD2827B5EE00D9FDD8 /* TalkingImages-Bridging-Header.h */,
				7BB525E22827B80300D9FDD8 /* UIImage+OpenCV.h */,
				7BB525E32827B82800D9FDD8 /* UIImage+OpenCV.m */,
			);
			path = OpenCV;
			sourceTree = "<group>";
		};
/* End PBXGroup section */

/* Begin PBXNativeTarget section */
		7BAFF57D2780A4CA00051F59 /* TalkingImages */ = {
			isa = PBXNativeTarget;
			buildConfigurationList = 7BAFF5A22780A4CD00051F59 /* Build configuration list for PBXNativeTarget "TalkingImages" */;
			buildPhases = (
				7BAFF57A2780A4CA00051F59 /* Sources */,
				7BAFF57B2780A4CA00051F59 /* Frameworks */,
				7BAFF57C2780A4CA00051F59 /* Resources */,
				7BAFF5C82780B4F600051F59 /* ShellScript */,
			);
			buildRules = (
			);
			dependencies = (
			);
			name = TalkingImages;
			packageProductDependencies = (
				7BAFF5C32780B26D00051F59 /* iOSDevPackage */,
				7BB525EE28290D1F00D9FDD8 /* swift-video-generator */,
			);
			productName = TalkingImages;
			productReference = 7BAFF57E2780A4CA00051F59 /* TalkingImages.app */;
			productType = "com.apple.product-type.application";
		};
/* End PBXNativeTarget section */

/* Begin PBXProject section */
		7BAFF5762780A4CA00051F59 /* Project object */ = {
			isa = PBXProject;
			attributes = {
				BuildIndependentTargetsInParallel = 1;
				LastSwiftUpdateCheck = 1300;
				LastUpgradeCheck = 1300;
				TargetAttributes = {
					7BAFF57D2780A4CA00051F59 = {
						CreatedOnToolsVersion = 13.0;
						LastSwiftMigration = 1300;
					};
				};
			};
			buildConfigurationList = 7BAFF5792780A4CA00051F59 /* Build configuration list for PBXProject "TalkingImages" */;
			compatibilityVersion = "Xcode 13.0";
			developmentRegion = en;
			hasScannedForEncodings = 0;
			knownRegions = (
				en,
				Base,
			);
			mainGroup = 7BAFF5752780A4CA00051F59;
			packageReferences = (
				7BAFF5C22780B26D00051F59 /* XCRemoteSwiftPackageReference "SwiftDeveloperPackage" */,
				7BB525ED28290D1F00D9FDD8 /* XCRemoteSwiftPackageReference "swift-video-generator" */,
			);
			productRefGroup = 7BAFF57F2780A4CA00051F59 /* Products */;
			projectDirPath = "";
			projectRoot = "";
			targets = (
				7BAFF57D2780A4CA00051F59 /* TalkingImages */,
			);
		};
/* End PBXProject section */

/* Begin PBXResourcesBuildPhase section */
		7BAFF57C2780A4CA00051F59 /* Resources */ = {
			isa = PBXResourcesBuildPhase;
			buildActionMask = 2147483647;
			files = (
				7BAFF5CC2780BF5300051F59 /* .swiftlint.yml in Resources */,
				7BAFF5B72780ADA800051F59 /* BalooBhaijaan2-ExtraBold.ttf in Resources */,
				7BAFF5B92780ADA800051F59 /* BalooBhaijaan2-SemiBold.ttf in Resources */,
				7B703162282AB66C005CEE58 /* LaunchScreen.storyboard in Resources */,
				7BAFF5B52780ADA800051F59 /* BalooBhaijaan2-Regular.ttf in Resources */,
				7BAFF5B82780ADA800051F59 /* BalooBhaijaan2-Medium.ttf in Resources */,
				7BAFF5892780A4CD00051F59 /* Preview Assets.xcassets in Resources */,
				7BAFF5BB2780AE6300051F59 /* Localizable.strings in Resources */,
				7BAFF5B62780ADA800051F59 /* BalooBhaijaan2-Bold.ttf in Resources */,
				7BAFF5862780A4CD00051F59 /* Assets.xcassets in Resources */,
			);
			runOnlyForDeploymentPostprocessing = 0;
		};
/* End PBXResourcesBuildPhase section */

/* Begin PBXShellScriptBuildPhase section */
		7BAFF5C82780B4F600051F59 /* ShellScript */ = {
			isa = PBXShellScriptBuildPhase;
			buildActionMask = 2147483647;
			files = (
			);
			inputFileListPaths = (
			);
			inputPaths = (
			);
			outputFileListPaths = (
			);
			outputPaths = (
			);
			runOnlyForDeploymentPostprocessing = 0;
			shellPath = /bin/sh;
			shellScript = "export PATH=\"$PATH:/opt/homebrew/bin\"\nif which swiftlint >/dev/null; then\n  swiftlint\nelse\n  echo \"warning: SwiftLint not installed, download from https://github.com/realm/SwiftLint\"\nfi\n";
		};
/* End PBXShellScriptBuildPhase section */

/* Begin PBXSourcesBuildPhase section */
		7BAFF57A2780A4CA00051F59 /* Sources */ = {
			isa = PBXSourcesBuildPhase;
			buildActionMask = 2147483647;
			files = (
				7BA50E10281DB373003BB40C /* Contours.swift in Sources */,
				7B7A8B082799C6090053DD39 /* CropImageView.swift in Sources */,
				7BAFF5DF2781BE7800051F59 /* VoiceView.swift in Sources */,
				7BB525A32821553600D9FDD8 /* UIImage+Crop.swift in Sources */,
				7BAFF5C72780B39000051F59 /* Text+CustomFont.swift in Sources */,
				7BAFF5D52780E5EF00051F59 /* ToolbarPage.swift in Sources */,
				7BDFD7DA280BFC63003E6F72 /* CropCorner.swift in Sources */,
				7B4DCCEE281D40B700293A8F /* VoiceService.swift in Sources */,
				7B4DCCF1281D557B00293A8F /* AlertAction.swift in Sources */,
				7BAFF5DD2781BE5E00051F59 /* SetPointsView.swift in Sources */,
				7BAFF5BF2780AE9F00051F59 /* AppImageNames.swift in Sources */,
				7B4DCCE2281BF4CC00293A8F /* Store.swift in Sources */,
				7B9E447A282A63D300A1D8AB /* EditContainerView.swift in Sources */,
				7BAFF5DB2781BE3900051F59 /* EditView.swift in Sources */,
				7B4BAF9F27DF379700FC17C1 /* ImagePicker.swift in Sources */,
				7BB525E02827B5EE00D9FDD8 /* OpenCVWrapper.m in Sources */,
				7BAFF5CF2780D38200051F59 /* MenuButton.swift in Sources */,
				7BAFF5D92781BE1800051F59 /* ChoosePictureView.swift in Sources */,
				7B4BAFA127DF80FE00FC17C1 /* UIImage+Rotate.swift in Sources */,
				7BAFF5D32780E37800051F59 /* Toolbar.swift in Sources */,
				7BB525F1282911B900D9FDD8 /* AppConstants.swift in Sources */,
				7B4DCCDD281BEF6800293A8F /* RecordView.swift in Sources */,
				7BB525E42827B82800D9FDD8 /* UIImage+OpenCV.m in Sources */,
				7BAFF5C12780AEAC00051F59 /* AppColors.swift in Sources */,
				7BDFD7DE280BFCC1003E6F72 /* RectHole.swift in Sources */,
				7BC7AFE027BFE5E1009ABB49 /* AlertView.swift in Sources */,
				7BAFF5E12781BE9600051F59 /* ShareView.swift in Sources */,
				7B4DCCDF281BF41F00293A8F /* PlayView.swift in Sources */,
				7BAFF5D12780D55600051F59 /* View+CornerRadius.swift in Sources */,
				7B4DCCEA281C7C1000293A8F /* AVAudioFile+Duration.swift in Sources */,
				7B4DCCEC281D3D5A00293A8F /* AppEnvironment.swift in Sources */,
				7B4DCCE6281BF56500293A8F /* AppAction.swift in Sources */,
				7BDFD7DC280BFC95003E6F72 /* LineSegment.swift in Sources */,
				7BAFF5842780A4CA00051F59 /* ContentView.swift in Sources */,
				7B7A8B052799A3000053DD39 /* TalkingImagesViewModel.swift in Sources */,
				7B4DCCE8281BF5C600293A8F /* AppState.swift in Sources */,
				7B4DCCE4281BF53400293A8F /* Reducers.swift in Sources */,
				7BC7AFDA27BFAA30009ABB49 /* VoiceViewModel.swift in Sources */,
				7BAFF5822780A4CA00051F59 /* TalkingImagesApp.swift in Sources */,
			);
			runOnlyForDeploymentPostprocessing = 0;
		};
/* End PBXSourcesBuildPhase section */

/* Begin XCBuildConfiguration section */
		7BAFF5A02780A4CD00051F59 /* Debug */ = {
			isa = XCBuildConfiguration;
			buildSettings = {
				ALWAYS_SEARCH_USER_PATHS = NO;
				CLANG_ANALYZER_NONNULL = YES;
				CLANG_ANALYZER_NUMBER_OBJECT_CONVERSION = YES_AGGRESSIVE;
				CLANG_CXX_LANGUAGE_STANDARD = "gnu++17";
				CLANG_CXX_LIBRARY = "libc++";
				CLANG_ENABLE_MODULES = YES;
				CLANG_ENABLE_OBJC_ARC = YES;
				CLANG_ENABLE_OBJC_WEAK = YES;
				CLANG_WARN_BLOCK_CAPTURE_AUTORELEASING = YES;
				CLANG_WARN_BOOL_CONVERSION = YES;
				CLANG_WARN_COMMA = YES;
				CLANG_WARN_CONSTANT_CONVERSION = YES;
				CLANG_WARN_DEPRECATED_OBJC_IMPLEMENTATIONS = YES;
				CLANG_WARN_DIRECT_OBJC_ISA_USAGE = YES_ERROR;
				CLANG_WARN_DOCUMENTATION_COMMENTS = YES;
				CLANG_WARN_EMPTY_BODY = YES;
				CLANG_WARN_ENUM_CONVERSION = YES;
				CLANG_WARN_INFINITE_RECURSION = YES;
				CLANG_WARN_INT_CONVERSION = YES;
				CLANG_WARN_NON_LITERAL_NULL_CONVERSION = YES;
				CLANG_WARN_OBJC_IMPLICIT_RETAIN_SELF = YES;
				CLANG_WARN_OBJC_LITERAL_CONVERSION = YES;
				CLANG_WARN_OBJC_ROOT_CLASS = YES_ERROR;
				CLANG_WARN_QUOTED_INCLUDE_IN_FRAMEWORK_HEADER = YES;
				CLANG_WARN_RANGE_LOOP_ANALYSIS = YES;
				CLANG_WARN_STRICT_PROTOTYPES = YES;
				CLANG_WARN_SUSPICIOUS_MOVE = YES;
				CLANG_WARN_UNGUARDED_AVAILABILITY = YES_AGGRESSIVE;
				CLANG_WARN_UNREACHABLE_CODE = YES;
				CLANG_WARN__DUPLICATE_METHOD_MATCH = YES;
				COPY_PHASE_STRIP = NO;
				DEBUG_INFORMATION_FORMAT = dwarf;
				ENABLE_STRICT_OBJC_MSGSEND = YES;
				ENABLE_TESTABILITY = YES;
				GCC_C_LANGUAGE_STANDARD = gnu11;
				GCC_DYNAMIC_NO_PIC = NO;
				GCC_NO_COMMON_BLOCKS = YES;
				GCC_OPTIMIZATION_LEVEL = 0;
				GCC_PREPROCESSOR_DEFINITIONS = (
					"DEBUG=1",
					"$(inherited)",
				);
				GCC_WARN_64_TO_32_BIT_CONVERSION = YES;
				GCC_WARN_ABOUT_RETURN_TYPE = YES_ERROR;
				GCC_WARN_UNDECLARED_SELECTOR = YES;
				GCC_WARN_UNINITIALIZED_AUTOS = YES_AGGRESSIVE;
				GCC_WARN_UNUSED_FUNCTION = YES;
				GCC_WARN_UNUSED_VARIABLE = YES;
				IPHONEOS_DEPLOYMENT_TARGET = 15.0;
				MTL_ENABLE_DEBUG_INFO = INCLUDE_SOURCE;
				MTL_FAST_MATH = YES;
				ONLY_ACTIVE_ARCH = YES;
				SDKROOT = iphoneos;
				SWIFT_ACTIVE_COMPILATION_CONDITIONS = DEBUG;
				SWIFT_OPTIMIZATION_LEVEL = "-Onone";
			};
			name = Debug;
		};
		7BAFF5A12780A4CD00051F59 /* Release */ = {
			isa = XCBuildConfiguration;
			buildSettings = {
				ALWAYS_SEARCH_USER_PATHS = NO;
				CLANG_ANALYZER_NONNULL = YES;
				CLANG_ANALYZER_NUMBER_OBJECT_CONVERSION = YES_AGGRESSIVE;
				CLANG_CXX_LANGUAGE_STANDARD = "gnu++17";
				CLANG_CXX_LIBRARY = "libc++";
				CLANG_ENABLE_MODULES = YES;
				CLANG_ENABLE_OBJC_ARC = YES;
				CLANG_ENABLE_OBJC_WEAK = YES;
				CLANG_WARN_BLOCK_CAPTURE_AUTORELEASING = YES;
				CLANG_WARN_BOOL_CONVERSION = YES;
				CLANG_WARN_COMMA = YES;
				CLANG_WARN_CONSTANT_CONVERSION = YES;
				CLANG_WARN_DEPRECATED_OBJC_IMPLEMENTATIONS = YES;
				CLANG_WARN_DIRECT_OBJC_ISA_USAGE = YES_ERROR;
				CLANG_WARN_DOCUMENTATION_COMMENTS = YES;
				CLANG_WARN_EMPTY_BODY = YES;
				CLANG_WARN_ENUM_CONVERSION = YES;
				CLANG_WARN_INFINITE_RECURSION = YES;
				CLANG_WARN_INT_CONVERSION = YES;
				CLANG_WARN_NON_LITERAL_NULL_CONVERSION = YES;
				CLANG_WARN_OBJC_IMPLICIT_RETAIN_SELF = YES;
				CLANG_WARN_OBJC_LITERAL_CONVERSION = YES;
				CLANG_WARN_OBJC_ROOT_CLASS = YES_ERROR;
				CLANG_WARN_QUOTED_INCLUDE_IN_FRAMEWORK_HEADER = YES;
				CLANG_WARN_RANGE_LOOP_ANALYSIS = YES;
				CLANG_WARN_STRICT_PROTOTYPES = YES;
				CLANG_WARN_SUSPICIOUS_MOVE = YES;
				CLANG_WARN_UNGUARDED_AVAILABILITY = YES_AGGRESSIVE;
				CLANG_WARN_UNREACHABLE_CODE = YES;
				CLANG_WARN__DUPLICATE_METHOD_MATCH = YES;
				COPY_PHASE_STRIP = NO;
				DEBUG_INFORMATION_FORMAT = "dwarf-with-dsym";
				ENABLE_NS_ASSERTIONS = NO;
				ENABLE_STRICT_OBJC_MSGSEND = YES;
				GCC_C_LANGUAGE_STANDARD = gnu11;
				GCC_NO_COMMON_BLOCKS = YES;
				GCC_WARN_64_TO_32_BIT_CONVERSION = YES;
				GCC_WARN_ABOUT_RETURN_TYPE = YES_ERROR;
				GCC_WARN_UNDECLARED_SELECTOR = YES;
				GCC_WARN_UNINITIALIZED_AUTOS = YES_AGGRESSIVE;
				GCC_WARN_UNUSED_FUNCTION = YES;
				GCC_WARN_UNUSED_VARIABLE = YES;
				IPHONEOS_DEPLOYMENT_TARGET = 15.0;
				MTL_ENABLE_DEBUG_INFO = NO;
				MTL_FAST_MATH = YES;
				SDKROOT = iphoneos;
				SWIFT_COMPILATION_MODE = wholemodule;
				SWIFT_OPTIMIZATION_LEVEL = "-O";
				VALIDATE_PRODUCT = YES;
			};
			name = Release;
		};
		7BAFF5A32780A4CD00051F59 /* Debug */ = {
			isa = XCBuildConfiguration;
			buildSettings = {
				ASSETCATALOG_COMPILER_APPICON_NAME = AppIcon;
				ASSETCATALOG_COMPILER_GLOBAL_ACCENT_COLOR_NAME = AccentColor;
				CLANG_ENABLE_MODULES = YES;
				CODE_SIGN_STYLE = Automatic;
				CURRENT_PROJECT_VERSION = 1;
				DEVELOPMENT_ASSET_PATHS = "\"TalkingImages/Preview Content\"";
				DEVELOPMENT_TEAM = HRA638G7C3;
				ENABLE_PREVIEWS = YES;
				FRAMEWORK_SEARCH_PATHS = (
					"$(inherited)",
					"$(PROJECT_DIR)/TalkingImages/Framework",
				);
				GENERATE_INFOPLIST_FILE = YES;
				INFOPLIST_FILE = TalkingImages/Info.plist;
				INFOPLIST_KEY_NSCameraUsageDescription = Desc;
				INFOPLIST_KEY_NSMicrophoneUsageDescription = Desc;
				INFOPLIST_KEY_NSPhotoLibraryUsageDescription = Desc;
				INFOPLIST_KEY_NSSpeechRecognitionUsageDescription = Desc;
				INFOPLIST_KEY_UIApplicationSceneManifest_Generation = YES;
				INFOPLIST_KEY_UIApplicationSupportsIndirectInputEvents = YES;
				INFOPLIST_KEY_UILaunchScreen_Generation = YES;
				INFOPLIST_KEY_UILaunchStoryboardName = LaunchScreen;
				INFOPLIST_KEY_UISupportedInterfaceOrientations_iPad = "UIInterfaceOrientationPortrait UIInterfaceOrientationPortraitUpsideDown UIInterfaceOrientationLandscapeLeft UIInterfaceOrientationLandscapeRight";
				INFOPLIST_KEY_UISupportedInterfaceOrientations_iPhone = "UIInterfaceOrientationPortrait UIInterfaceOrientationLandscapeLeft UIInterfaceOrientationLandscapeRight";
				IPHONEOS_DEPLOYMENT_TARGET = 15.0;
				LD_RUNPATH_SEARCH_PATHS = (
					"$(inherited)",
					"@executable_path/Frameworks",
				);
				MARKETING_VERSION = 1.0;
				PRODUCT_BUNDLE_IDENTIFIER = com.issart.TalkingImagesApp;
				PRODUCT_NAME = "$(TARGET_NAME)";
				SWIFT_EMIT_LOC_STRINGS = YES;
				SWIFT_OBJC_BRIDGING_HEADER = "TalkingImages/OpenCV/TalkingImages-Bridging-Header.h";
				SWIFT_OPTIMIZATION_LEVEL = "-Onone";
				SWIFT_VERSION = 5.0;
				TARGETED_DEVICE_FAMILY = "1,2";
			};
			name = Debug;
		};
		7BAFF5A42780A4CD00051F59 /* Release */ = {
			isa = XCBuildConfiguration;
			buildSettings = {
				ASSETCATALOG_COMPILER_APPICON_NAME = AppIcon;
				ASSETCATALOG_COMPILER_GLOBAL_ACCENT_COLOR_NAME = AccentColor;
				CLANG_ENABLE_MODULES = YES;
				CODE_SIGN_STYLE = Automatic;
				CURRENT_PROJECT_VERSION = 1;
				DEVELOPMENT_ASSET_PATHS = "\"TalkingImages/Preview Content\"";
				DEVELOPMENT_TEAM = HRA638G7C3;
				ENABLE_PREVIEWS = YES;
				FRAMEWORK_SEARCH_PATHS = (
					"$(inherited)",
					"$(PROJECT_DIR)/TalkingImages/Framework",
				);
				GENERATE_INFOPLIST_FILE = YES;
				INFOPLIST_FILE = TalkingImages/Info.plist;
				INFOPLIST_KEY_NSCameraUsageDescription = Desc;
				INFOPLIST_KEY_NSMicrophoneUsageDescription = Desc;
				INFOPLIST_KEY_NSPhotoLibraryUsageDescription = Desc;
				INFOPLIST_KEY_NSSpeechRecognitionUsageDescription = Desc;
				INFOPLIST_KEY_UIApplicationSceneManifest_Generation = YES;
				INFOPLIST_KEY_UIApplicationSupportsIndirectInputEvents = YES;
				INFOPLIST_KEY_UILaunchScreen_Generation = YES;
				INFOPLIST_KEY_UILaunchStoryboardName = LaunchScreen;
				INFOPLIST_KEY_UISupportedInterfaceOrientations_iPad = "UIInterfaceOrientationPortrait UIInterfaceOrientationPortraitUpsideDown UIInterfaceOrientationLandscapeLeft UIInterfaceOrientationLandscapeRight";
				INFOPLIST_KEY_UISupportedInterfaceOrientations_iPhone = "UIInterfaceOrientationPortrait UIInterfaceOrientationLandscapeLeft UIInterfaceOrientationLandscapeRight";
				IPHONEOS_DEPLOYMENT_TARGET = 15.0;
				LD_RUNPATH_SEARCH_PATHS = (
					"$(inherited)",
					"@executable_path/Frameworks",
				);
				MARKETING_VERSION = 1.0;
				PRODUCT_BUNDLE_IDENTIFIER = com.issart.TalkingImagesApp;
				PRODUCT_NAME = "$(TARGET_NAME)";
				SWIFT_EMIT_LOC_STRINGS = YES;
				SWIFT_OBJC_BRIDGING_HEADER = "TalkingImages/OpenCV/TalkingImages-Bridging-Header.h";
				SWIFT_VERSION = 5.0;
				TARGETED_DEVICE_FAMILY = "1,2";
			};
			name = Release;
		};
/* End XCBuildConfiguration section */

/* Begin XCConfigurationList section */
		7BAFF5792780A4CA00051F59 /* Build configuration list for PBXProject "TalkingImages" */ = {
			isa = XCConfigurationList;
			buildConfigurations = (
				7BAFF5A02780A4CD00051F59 /* Debug */,
				7BAFF5A12780A4CD00051F59 /* Release */,
			);
			defaultConfigurationIsVisible = 0;
			defaultConfigurationName = Release;
		};
		7BAFF5A22780A4CD00051F59 /* Build configuration list for PBXNativeTarget "TalkingImages" */ = {
			isa = XCConfigurationList;
			buildConfigurations = (
				7BAFF5A32780A4CD00051F59 /* Debug */,
				7BAFF5A42780A4CD00051F59 /* Release */,
			);
			defaultConfigurationIsVisible = 0;
			defaultConfigurationName = Release;
		};
/* End XCConfigurationList section */

/* Begin XCRemoteSwiftPackageReference section */
		7BAFF5C22780B26D00051F59 /* XCRemoteSwiftPackageReference "SwiftDeveloperPackage" */ = {
			isa = XCRemoteSwiftPackageReference;
			repositoryURL = "https://github.com/ISSArt-LLC/SwiftDeveloperPackage";
			requirement = {
				branch = main;
				kind = branch;
			};
		};
		7BB525ED28290D1F00D9FDD8 /* XCRemoteSwiftPackageReference "swift-video-generator" */ = {
			isa = XCRemoteSwiftPackageReference;
			repositoryURL = "https://github.com/dev-labs-bg/swift-video-generator.git";
			requirement = {
				kind = upToNextMajorVersion;
				minimumVersion = 1.0.0;
			};
		};
/* End XCRemoteSwiftPackageReference section */

/* Begin XCSwiftPackageProductDependency section */
		7BAFF5C32780B26D00051F59 /* iOSDevPackage */ = {
			isa = XCSwiftPackageProductDependency;
			package = 7BAFF5C22780B26D00051F59 /* XCRemoteSwiftPackageReference "SwiftDeveloperPackage" */;
			productName = iOSDevPackage;
		};
		7BB525EE28290D1F00D9FDD8 /* swift-video-generator */ = {
			isa = XCSwiftPackageProductDependency;
			package = 7BB525ED28290D1F00D9FDD8 /* XCRemoteSwiftPackageReference "swift-video-generator" */;
			productName = "swift-video-generator";
		};
/* End XCSwiftPackageProductDependency section */
	};
	rootObject = 7BAFF5762780A4CA00051F59 /* Project object */;
}
