{
  "pins" : [
    {
      "identity" : "swift-video-generator",
      "kind" : "remoteSourceControl",
      "location" : "https://github.com/dev-labs-bg/swift-video-generator.git",
      "state" : {
        "revision" : "0735b1ea6a9cd28e0fd952e4b1801367fddd5501",
        "version" : "1.4.1"
      }
    },
    {
      "identity" : "swiftdeveloperpackage",
      "kind" : "remoteSourceControl",
      "location" : "https://github.com/ISSArt-LLC/SwiftDeveloperPackage",
      "state" : {
        "branch" : "main",
        "revision" : "0a3e90440c7aca207e078fa42bc7ae4f57e39d5e"
      }
    }
  ],
  "version" : 2
}
